
Microsoft Visual Studio Solution File, Format Version 12.00
# Visual Studio Version 17
VisualStudioVersion = 17.10.35013.160
MinimumVisualStudioVersion = 10.0.40219.1
Project("{FAE04EC0-301F-11D3-BF4B-00C04F79EFBC}") = "IMCexercSala", "IMCexercSala\IMCexercSala.csproj", "{29816724-5B65-4508-86FF-D5BB513A4517}"
EndProject
Global
	GlobalSection(SolutionConfigurationPlatforms) = preSolution
		Debug|Any CPU = Debug|Any CPU
		Release|Any CPU = Release|Any CPU
	EndGlobalSection
	GlobalSection(ProjectConfigurationPlatforms) = postSolution
		{29816724-5B65-4508-86FF-D5BB513A4517}.Debug|Any CPU.ActiveCfg = Debug|Any CPU
		{29816724-5B65-4508-86FF-D5BB513A4517}.Debug|Any CPU.Build.0 = Debug|Any CPU
		{29816724-5B65-4508-86FF-D5BB513A4517}.Release|Any CPU.ActiveCfg = Release|Any CPU
		{29816724-5B65-4508-86FF-D5BB513A4517}.Release|Any CPU.Build.0 = Release|Any CPU
	EndGlobalSection
	GlobalSection(SolutionProperties) = preSolution
		HideSolutionNode = FALSE
	EndGlobalSection
	GlobalSection(ExtensibilityGlobals) = postSolution
		SolutionGuid = {ECC3D06A-5D70-4A36-A392-D4037D9F5EB4}
	EndGlobalSection
EndGlobal
